
Microsoft Visual Studio Solution File, Format Version 12.00
# Visual Studio 2013
VisualStudioVersion = 12.0.30723.0
MinimumVisualStudioVersion = 10.0.40219.1
Project("{FAE04EC0-301F-11D3-BF4B-00C04F79EFBC}") = "IngredientDAL", "IngredientDAL\IngredientDAL.csproj", "{43B660DE-4A0E-4656-9681-BA874A30E3D4}"
EndProject
Project("{FAE04EC0-301F-11D3-BF4B-00C04F79EFBC}") = "MyShopper", "MyShopper\MyShopper.csproj", "{10DE8551-E54B-469A-9B8B-5C9516AC24A8}"
EndProject
Project("{FAE04EC0-301F-11D3-BF4B-00C04F79EFBC}") = "UnitTests", "UnitTests\UnitTests.csproj", "{414DEFB7-B8CC-4806-BEC6-1BAB03261E82}"
EndProject
Project("{FAE04EC0-301F-11D3-BF4B-00C04F79EFBC}") = "SeleniumCrawler", "SeleniumCrawler\SeleniumCrawler.csproj", "{EFCAD023-DA70-4DBB-A460-A6CC0317D574}"
EndProject
Project("{2150E333-8FDC-42A3-9474-1A3956D46DE8}") = ".nuget", ".nuget", "{952FC33F-8B62-4AA1-BC60-2B6C53A36CF6}"
	ProjectSection(SolutionItems) = preProject
		.nuget\NuGet.Config = .nuget\NuGet.Config
		.nuget\NuGet.exe = .nuget\NuGet.exe
		.nuget\NuGet.targets = .nuget\NuGet.targets
	EndProjectSection
EndProject
Project("{FAE04EC0-301F-11D3-BF4B-00C04F79EFBC}") = "HotTowelTemplate", "HotTowelTemplate\HotTowelTemplate.csproj", "{B33E9498-CD5C-431F-84D9-D7777DFD5EA2}"
EndProject
Global
	GlobalSection(SolutionConfigurationPlatforms) = preSolution
		Debug|Any CPU = Debug|Any CPU
		Release|Any CPU = Release|Any CPU
	EndGlobalSection
	GlobalSection(ProjectConfigurationPlatforms) = postSolution
		{43B660DE-4A0E-4656-9681-BA874A30E3D4}.Debug|Any CPU.ActiveCfg = Debug|Any CPU
		{43B660DE-4A0E-4656-9681-BA874A30E3D4}.Debug|Any CPU.Build.0 = Debug|Any CPU
		{43B660DE-4A0E-4656-9681-BA874A30E3D4}.Release|Any CPU.ActiveCfg = Release|Any CPU
		{43B660DE-4A0E-4656-9681-BA874A30E3D4}.Release|Any CPU.Build.0 = Release|Any CPU
		{10DE8551-E54B-469A-9B8B-5C9516AC24A8}.Debug|Any CPU.ActiveCfg = Debug|Any CPU
		{10DE8551-E54B-469A-9B8B-5C9516AC24A8}.Debug|Any CPU.Build.0 = Debug|Any CPU
		{10DE8551-E54B-469A-9B8B-5C9516AC24A8}.Release|Any CPU.ActiveCfg = Release|Any CPU
		{10DE8551-E54B-469A-9B8B-5C9516AC24A8}.Release|Any CPU.Build.0 = Release|Any CPU
		{414DEFB7-B8CC-4806-BEC6-1BAB03261E82}.Debug|Any CPU.ActiveCfg = Debug|Any CPU
		{414DEFB7-B8CC-4806-BEC6-1BAB03261E82}.Debug|Any CPU.Build.0 = Debug|Any CPU
		{414DEFB7-B8CC-4806-BEC6-1BAB03261E82}.Release|Any CPU.ActiveCfg = Release|Any CPU
		{414DEFB7-B8CC-4806-BEC6-1BAB03261E82}.Release|Any CPU.Build.0 = Release|Any CPU
		{EFCAD023-DA70-4DBB-A460-A6CC0317D574}.Debug|Any CPU.ActiveCfg = Debug|Any CPU
		{EFCAD023-DA70-4DBB-A460-A6CC0317D574}.Debug|Any CPU.Build.0 = Debug|Any CPU
		{EFCAD023-DA70-4DBB-A460-A6CC0317D574}.Release|Any CPU.ActiveCfg = Release|Any CPU
		{EFCAD023-DA70-4DBB-A460-A6CC0317D574}.Release|Any CPU.Build.0 = Release|Any CPU
		{B33E9498-CD5C-431F-84D9-D7777DFD5EA2}.Debug|Any CPU.ActiveCfg = Debug|Any CPU
		{B33E9498-CD5C-431F-84D9-D7777DFD5EA2}.Debug|Any CPU.Build.0 = Debug|Any CPU
		{B33E9498-CD5C-431F-84D9-D7777DFD5EA2}.Release|Any CPU.ActiveCfg = Release|Any CPU
		{B33E9498-CD5C-431F-84D9-D7777DFD5EA2}.Release|Any CPU.Build.0 = Release|Any CPU
	EndGlobalSection
	GlobalSection(SolutionProperties) = preSolution
		HideSolutionNode = FALSE
	EndGlobalSection
EndGlobal
